
Microsoft Visual Studio Solution File, Format Version 12.00
# Visual Studio 2012
Project("{2150E333-8FDC-42A3-9474-1A3956D46DE8}") = "References", "References", "{AFFA8CD0-B0EC-44C2-AB6D-64943CF12F3B}"
	ProjectSection(SolutionItems) = preProject
		References\zlib.net.dll = References\zlib.net.dll
	EndProjectSection
EndProject
Project("{2150E333-8FDC-42A3-9474-1A3956D46DE8}") = "docs", "docs", "{8CD70156-C735-47BC-AA5E-DF4AE0EE4E57}"
	ProjectSection(SolutionItems) = preProject
		docs\swf-file-format-spec.pdf = docs\swf-file-format-spec.pdf
		docs\swf_file_format_spec_v10.pdf = docs\swf_file_format_spec_v10.pdf
		docs\swf_file_format_spec_v9.pdf = docs\swf_file_format_spec_v9.pdf
		docs\swfmill-schema.xml = docs\swfmill-schema.xml
	EndProjectSection
EndProject
Project("{2150E333-8FDC-42A3-9474-1A3956D46DE8}") = "nUnit", "nUnit", "{242E2CE4-A110-4F8C-AECF-FDF29547B943}"
	ProjectSection(SolutionItems) = preProject
		References\nUnit\nunit.framework.dll = References\nUnit\nunit.framework.dll
	EndProjectSection
EndProject
Project("{2150E333-8FDC-42A3-9474-1A3956D46DE8}") = "swfmill", "swfmill", "{3850D393-CC9A-44E6-BCE0-DD94AB5DCECD}"
	ProjectSection(SolutionItems) = preProject
		References\swfmill\swfmill.exe = References\swfmill\swfmill.exe
	EndProjectSection
EndProject
Project("{FAE04EC0-301F-11D3-BF4B-00C04F79EFBC}") = "SwfLib", "SwfLib\SwfLib.csproj", "{A09FB406-47B7-422A-A2EB-C3E0FA2CD736}"
EndProject
Project("{FAE04EC0-301F-11D3-BF4B-00C04F79EFBC}") = "SwfLib.Tests", "SwfLib.Tests\SwfLib.Tests.csproj", "{F7862DFF-3B7F-4E5C-B448-9E6E4C04FBF7}"
EndProject
Project("{FAE04EC0-301F-11D3-BF4B-00C04F79EFBC}") = "SwfLib.SwfMill", "SwfLib.SwfMill\SwfLib.SwfMill.csproj", "{4CE22FF7-ABF5-4894-BCDE-402DBDD42B80}"
EndProject
Project("{FAE04EC0-301F-11D3-BF4B-00C04F79EFBC}") = "SwfLib.SwfMill.Tests", "SwfLib.SwfMill.Tests\SwfLib.SwfMill.Tests.csproj", "{4EAE1D32-3036-493F-8699-1A9A7D65B277}"
EndProject
Project("{FAE04EC0-301F-11D3-BF4B-00C04F79EFBC}") = "SwfLib.Tests.Asserts", "SwfLib.Tests.Asserts\SwfLib.Tests.Asserts.csproj", "{D41C8AD8-1272-4D29-8B5C-9A35D04BD688}"
EndProject
Global
	GlobalSection(SolutionConfigurationPlatforms) = preSolution
		Debug|Any CPU = Debug|Any CPU
		Release|Any CPU = Release|Any CPU
	EndGlobalSection
	GlobalSection(ProjectConfigurationPlatforms) = postSolution
		{A09FB406-47B7-422A-A2EB-C3E0FA2CD736}.Debug|Any CPU.ActiveCfg = Debug|Any CPU
		{A09FB406-47B7-422A-A2EB-C3E0FA2CD736}.Debug|Any CPU.Build.0 = Debug|Any CPU
		{A09FB406-47B7-422A-A2EB-C3E0FA2CD736}.Release|Any CPU.ActiveCfg = Release|Any CPU
		{A09FB406-47B7-422A-A2EB-C3E0FA2CD736}.Release|Any CPU.Build.0 = Release|Any CPU
		{F7862DFF-3B7F-4E5C-B448-9E6E4C04FBF7}.Debug|Any CPU.ActiveCfg = Debug|Any CPU
		{F7862DFF-3B7F-4E5C-B448-9E6E4C04FBF7}.Debug|Any CPU.Build.0 = Debug|Any CPU
		{F7862DFF-3B7F-4E5C-B448-9E6E4C04FBF7}.Release|Any CPU.ActiveCfg = Release|Any CPU
		{F7862DFF-3B7F-4E5C-B448-9E6E4C04FBF7}.Release|Any CPU.Build.0 = Release|Any CPU
		{4CE22FF7-ABF5-4894-BCDE-402DBDD42B80}.Debug|Any CPU.ActiveCfg = Debug|Any CPU
		{4CE22FF7-ABF5-4894-BCDE-402DBDD42B80}.Debug|Any CPU.Build.0 = Debug|Any CPU
		{4CE22FF7-ABF5-4894-BCDE-402DBDD42B80}.Release|Any CPU.ActiveCfg = Release|Any CPU
		{4CE22FF7-ABF5-4894-BCDE-402DBDD42B80}.Release|Any CPU.Build.0 = Release|Any CPU
		{4EAE1D32-3036-493F-8699-1A9A7D65B277}.Debug|Any CPU.ActiveCfg = Debug|Any CPU
		{4EAE1D32-3036-493F-8699-1A9A7D65B277}.Debug|Any CPU.Build.0 = Debug|Any CPU
		{4EAE1D32-3036-493F-8699-1A9A7D65B277}.Release|Any CPU.ActiveCfg = Release|Any CPU
		{4EAE1D32-3036-493F-8699-1A9A7D65B277}.Release|Any CPU.Build.0 = Release|Any CPU
		{D41C8AD8-1272-4D29-8B5C-9A35D04BD688}.Debug|Any CPU.ActiveCfg = Debug|Any CPU
		{D41C8AD8-1272-4D29-8B5C-9A35D04BD688}.Debug|Any CPU.Build.0 = Debug|Any CPU
		{D41C8AD8-1272-4D29-8B5C-9A35D04BD688}.Release|Any CPU.ActiveCfg = Release|Any CPU
		{D41C8AD8-1272-4D29-8B5C-9A35D04BD688}.Release|Any CPU.Build.0 = Release|Any CPU
	EndGlobalSection
	GlobalSection(SolutionProperties) = preSolution
		HideSolutionNode = FALSE
	EndGlobalSection
	GlobalSection(NestedProjects) = preSolution
		{242E2CE4-A110-4F8C-AECF-FDF29547B943} = {AFFA8CD0-B0EC-44C2-AB6D-64943CF12F3B}
		{3850D393-CC9A-44E6-BCE0-DD94AB5DCECD} = {AFFA8CD0-B0EC-44C2-AB6D-64943CF12F3B}
	EndGlobalSection
EndGlobal
